// !$*UTF8*$!
{
	archiveVersion = 1;
	classes = {
	};
	objectVersion = 51;
	objects = {

/* Begin PBXBuildFile section */
		5000AD68264D645E00E39E71 /* WeatherPageViewController.swift in Sources */ = {isa = PBXBuildFile; fileRef = 5000AD67264D645E00E39E71 /* WeatherPageViewController.swift */; };
		5029A58B265A6B150024D741 /* ChartView.swift in Sources */ = {isa = PBXBuildFile; fileRef = 5029A58A265A6B150024D741 /* ChartView.swift */; };
		503289872656963900ABAE16 /* DailyFlowModels.swift in Sources */ = {isa = PBXBuildFile; fileRef = 503289862656963900ABAE16 /* DailyFlowModels.swift */; };
		503B77A6264BF38C00ACF83B /* StringExtension.swift in Sources */ = {isa = PBXBuildFile; fileRef = 503B77A5264BF38C00ACF83B /* StringExtension.swift */; };
		5050473F265454F200447386 /* HourlyWeatherViewModel.swift in Sources */ = {isa = PBXBuildFile; fileRef = 5050473E265454F200447386 /* HourlyWeatherViewModel.swift */; };
		505047432654551700447386 /* DailyWeatherViewModel.swift in Sources */ = {isa = PBXBuildFile; fileRef = 505047422654551700447386 /* DailyWeatherViewModel.swift */; };
		5055E3282653179A00E48660 /* CustomPageControl.swift in Sources */ = {isa = PBXBuildFile; fileRef = 5055E3272653179900E48660 /* CustomPageControl.swift */; };
		5059ECBD2657DDD300C4E874 /* AirQualityTableViewCell.swift in Sources */ = {isa = PBXBuildFile; fileRef = 5059ECBC2657DDD200C4E874 /* AirQualityTableViewCell.swift */; };
		5078996F26496A9C00C59F94 /* ApiKeys.swift in Sources */ = {isa = PBXBuildFile; fileRef = 5078996E26496A9C00C59F94 /* ApiKeys.swift */; };
		507915CA264A947300DBD9C2 /* WeatherMainViewModel.swift in Sources */ = {isa = PBXBuildFile; fileRef = 507915C9264A947300DBD9C2 /* WeatherMainViewModel.swift */; };
		507915D1264AAF9F00DBD9C2 /* WeatherData.swift in Sources */ = {isa = PBXBuildFile; fileRef = 507915D0264AAF9F00DBD9C2 /* WeatherData.swift */; };
		5079C2D9264FF3D700BD1AD2 /* City.swift in Sources */ = {isa = PBXBuildFile; fileRef = 5079C2D8264FF3D700BD1AD2 /* City.swift */; };
		507DEAA226551EBB00CF284B /* DayCollectionViewCell.swift in Sources */ = {isa = PBXBuildFile; fileRef = 507DEAA126551EBB00CF284B /* DayCollectionViewCell.swift */; };
		507DEAA626552C0E00CF284B /* PartOfDayTableViewCell.swift in Sources */ = {isa = PBXBuildFile; fileRef = 507DEAA526552C0E00CF284B /* PartOfDayTableViewCell.swift */; };
		508A235D26540E4500EF5090 /* DailyWeatherViewController.swift in Sources */ = {isa = PBXBuildFile; fileRef = 508A235C26540E4500EF5090 /* DailyWeatherViewController.swift */; };
		508A236126540EE500EF5090 /* HourlyWeatherViewController.swift in Sources */ = {isa = PBXBuildFile; fileRef = 508A236026540EE500EF5090 /* HourlyWeatherViewController.swift */; };
		508A23692654106D00EF5090 /* DailyWeatherCoordinator.swift in Sources */ = {isa = PBXBuildFile; fileRef = 508A23682654106D00EF5090 /* DailyWeatherCoordinator.swift */; };
		508A236C2654108D00EF5090 /* HourlyWeatherCordinator.swift in Sources */ = {isa = PBXBuildFile; fileRef = 508A236B2654108D00EF5090 /* HourlyWeatherCordinator.swift */; };
		5093B8272649E96200ED31B8 /* HourlyForecastCollectionViewCell.swift in Sources */ = {isa = PBXBuildFile; fileRef = 5093B8262649E96100ED31B8 /* HourlyForecastCollectionViewCell.swift */; };
		5093B82A2649E99600ED31B8 /* DailyForecastCollectionViewCell.swift in Sources */ = {isa = PBXBuildFile; fileRef = 5093B8292649E99600ED31B8 /* DailyForecastCollectionViewCell.swift */; };
		5094E3A02642BA8700140AD2 /* Coordinator.swift in Sources */ = {isa = PBXBuildFile; fileRef = 5094E39F2642BA8600140AD2 /* Coordinator.swift */; };
		5094E3A32642BAD400140AD2 /* AppCoordinator.swift in Sources */ = {isa = PBXBuildFile; fileRef = 5094E3A22642BAD400140AD2 /* AppCoordinator.swift */; };
		5094E3A62642BB5B00140AD2 /* UserDefaultsKeys.swift in Sources */ = {isa = PBXBuildFile; fileRef = 5094E3A52642BB5B00140AD2 /* UserDefaultsKeys.swift */; };
		5094E3AB2642BC1900140AD2 /* GeolocationCoordinator.swift in Sources */ = {isa = PBXBuildFile; fileRef = 5094E3AA2642BC1900140AD2 /* GeolocationCoordinator.swift */; };
		5094E3AE2642BCB200140AD2 /* WeatherMainCoordinator.swift in Sources */ = {isa = PBXBuildFile; fileRef = 5094E3AD2642BCB200140AD2 /* WeatherMainCoordinator.swift */; };
		5094E3BB2642CAAA00140AD2 /* UIButtonExtension.swift in Sources */ = {isa = PBXBuildFile; fileRef = 5094E3BA2642CAAA00140AD2 /* UIButtonExtension.swift */; };
		5094E3BF2642E5C400140AD2 /* UIImageExtension.swift in Sources */ = {isa = PBXBuildFile; fileRef = 5094E3BE2642E5C400140AD2 /* UIImageExtension.swift */; };
		5094E3C22642E99E00140AD2 /* SettingsViewController.swift in Sources */ = {isa = PBXBuildFile; fileRef = 5094E3C12642E99E00140AD2 /* SettingsViewController.swift */; };
		5094E3C52642E9BF00140AD2 /* SettingsCoordinator.swift in Sources */ = {isa = PBXBuildFile; fileRef = 5094E3C42642E9BF00140AD2 /* SettingsCoordinator.swift */; };
		5094E3C82642F04800140AD2 /* SettingsView.swift in Sources */ = {isa = PBXBuildFile; fileRef = 5094E3C72642F04800140AD2 /* SettingsView.swift */; };
		5094E3CC2643252B00140AD2 /* Rubik-Medium.ttf in Resources */ = {isa = PBXBuildFile; fileRef = 5094E3CB2643252A00140AD2 /* Rubik-Medium.ttf */; };
		5097734926583A580023B210 /* HourlyTableViewCell.swift in Sources */ = {isa = PBXBuildFile; fileRef = 5097734826583A580023B210 /* HourlyTableViewCell.swift */; };
		5097734C2658629B0023B210 /* HourlyFlowModels.swift in Sources */ = {isa = PBXBuildFile; fileRef = 5097734B2658629B0023B210 /* HourlyFlowModels.swift */; };
		50C4565126519DA20094D8B1 /* FlowFactory.swift in Sources */ = {isa = PBXBuildFile; fileRef = 50C4565026519DA20094D8B1 /* FlowFactory.swift */; };
		50CAE68C265BE4E6009774DC /* RealmModels.swift in Sources */ = {isa = PBXBuildFile; fileRef = 50CAE68B265BE4E6009774DC /* RealmModels.swift */; };
		50CAE68F265BFBF9009774DC /* RealmDataManager.swift in Sources */ = {isa = PBXBuildFile; fileRef = 50CAE68E265BFBF9009774DC /* RealmDataManager.swift */; };
		50DC4AEC264188F400F2FAE8 /* LocationManager.swift in Sources */ = {isa = PBXBuildFile; fileRef = 50DC4AEB264188F400F2FAE8 /* LocationManager.swift */; };
		50DC4AF82641B7E900F2FAE8 /* WeatherMainViewController.swift in Sources */ = {isa = PBXBuildFile; fileRef = 50DC4AF72641B7E900F2FAE8 /* WeatherMainViewController.swift */; };
		50DC4AFB2641B83400F2FAE8 /* NetworkService.swift in Sources */ = {isa = PBXBuildFile; fileRef = 50DC4AFA2641B83400F2FAE8 /* NetworkService.swift */; };
		50E29CC52640066D00066B93 /* AppDelegate.swift in Sources */ = {isa = PBXBuildFile; fileRef = 50E29CC42640066D00066B93 /* AppDelegate.swift */; };
		50E29CC92640066D00066B93 /* GeolocationViewController.swift in Sources */ = {isa = PBXBuildFile; fileRef = 50E29CC82640066D00066B93 /* GeolocationViewController.swift */; };
		50E29CD12640067400066B93 /* Assets.xcassets in Resources */ = {isa = PBXBuildFile; fileRef = 50E29CD02640067400066B93 /* Assets.xcassets */; };
		50E29CD42640067400066B93 /* LaunchScreen.storyboard in Resources */ = {isa = PBXBuildFile; fileRef = 50E29CD22640067400066B93 /* LaunchScreen.storyboard */; };
		50E29CE0264010D000066B93 /* AppColors.swift in Sources */ = {isa = PBXBuildFile; fileRef = 50E29CDF264010D000066B93 /* AppColors.swift */; };
		50E29CEB2640419300066B93 /* Rubik-Regular.ttf in Resources */ = {isa = PBXBuildFile; fileRef = 50E29CEA2640411500066B93 /* Rubik-Regular.ttf */; };
		50F55C10265553A30066E42F /* Direction.swift in Sources */ = {isa = PBXBuildFile; fileRef = 50F55C0F265553A30066E42F /* Direction.swift */; };
		50F55C1326555DC70066E42F /* SunAndMoonTableViewCell.swift in Sources */ = {isa = PBXBuildFile; fileRef = 50F55C1226555DC60066E42F /* SunAndMoonTableViewCell.swift */; };
		50F73DD62644935900D739BD /* CustomSegmentedControl.swift in Sources */ = {isa = PBXBuildFile; fileRef = 50F73DD52644935900D739BD /* CustomSegmentedControl.swift */; };
		50FA41CC26481F590073026A /* MainWeatherInformationView.swift in Sources */ = {isa = PBXBuildFile; fileRef = 50FA41CB26481F590073026A /* MainWeatherInformationView.swift */; };
		D41D8B0228969C48E8FB1339 /* Pods_Weather.framework in Frameworks */ = {isa = PBXBuildFile; fileRef = 6B9ED9B68C97E9A3591C99AC /* Pods_Weather.framework */; };
/* End PBXBuildFile section */

/* Begin PBXFileReference section */
		5000AD67264D645E00E39E71 /* WeatherPageViewController.swift */ = {isa = PBXFileReference; lastKnownFileType = sourcecode.swift; path = WeatherPageViewController.swift; sourceTree = "<group>"; };
		5029A58A265A6B150024D741 /* ChartView.swift */ = {isa = PBXFileReference; lastKnownFileType = sourcecode.swift; path = ChartView.swift; sourceTree = "<group>"; };
		503289862656963900ABAE16 /* DailyFlowModels.swift */ = {isa = PBXFileReference; lastKnownFileType = sourcecode.swift; path = DailyFlowModels.swift; sourceTree = "<group>"; };
		503B77A5264BF38C00ACF83B /* StringExtension.swift */ = {isa = PBXFileReference; lastKnownFileType = sourcecode.swift; path = StringExtension.swift; sourceTree = "<group>"; };
		5050473E265454F200447386 /* HourlyWeatherViewModel.swift */ = {isa = PBXFileReference; lastKnownFileType = sourcecode.swift; path = HourlyWeatherViewModel.swift; sourceTree = "<group>"; };
		505047422654551700447386 /* DailyWeatherViewModel.swift */ = {isa = PBXFileReference; lastKnownFileType = sourcecode.swift; path = DailyWeatherViewModel.swift; sourceTree = "<group>"; };
		5055E3272653179900E48660 /* CustomPageControl.swift */ = {isa = PBXFileReference; lastKnownFileType = sourcecode.swift; path = CustomPageControl.swift; sourceTree = "<group>"; };
		5059ECBC2657DDD200C4E874 /* AirQualityTableViewCell.swift */ = {isa = PBXFileReference; lastKnownFileType = sourcecode.swift; path = AirQualityTableViewCell.swift; sourceTree = "<group>"; };
		5078996E26496A9C00C59F94 /* ApiKeys.swift */ = {isa = PBXFileReference; lastKnownFileType = sourcecode.swift; path = ApiKeys.swift; sourceTree = "<group>"; };
		507915C9264A947300DBD9C2 /* WeatherMainViewModel.swift */ = {isa = PBXFileReference; lastKnownFileType = sourcecode.swift; path = WeatherMainViewModel.swift; sourceTree = "<group>"; };
		507915D0264AAF9F00DBD9C2 /* WeatherData.swift */ = {isa = PBXFileReference; lastKnownFileType = sourcecode.swift; path = WeatherData.swift; sourceTree = "<group>"; };
		5079C2D8264FF3D700BD1AD2 /* City.swift */ = {isa = PBXFileReference; lastKnownFileType = sourcecode.swift; path = City.swift; sourceTree = "<group>"; };
		507DEAA126551EBB00CF284B /* DayCollectionViewCell.swift */ = {isa = PBXFileReference; lastKnownFileType = sourcecode.swift; path = DayCollectionViewCell.swift; sourceTree = "<group>"; };
		507DEAA526552C0E00CF284B /* PartOfDayTableViewCell.swift */ = {isa = PBXFileReference; lastKnownFileType = sourcecode.swift; path = PartOfDayTableViewCell.swift; sourceTree = "<group>"; };
		508A235C26540E4500EF5090 /* DailyWeatherViewController.swift */ = {isa = PBXFileReference; lastKnownFileType = sourcecode.swift; path = DailyWeatherViewController.swift; sourceTree = "<group>"; };
		508A236026540EE500EF5090 /* HourlyWeatherViewController.swift */ = {isa = PBXFileReference; lastKnownFileType = sourcecode.swift; path = HourlyWeatherViewController.swift; sourceTree = "<group>"; };
		508A23682654106D00EF5090 /* DailyWeatherCoordinator.swift */ = {isa = PBXFileReference; lastKnownFileType = sourcecode.swift; path = DailyWeatherCoordinator.swift; sourceTree = "<group>"; };
		508A236B2654108D00EF5090 /* HourlyWeatherCordinator.swift */ = {isa = PBXFileReference; lastKnownFileType = sourcecode.swift; path = HourlyWeatherCordinator.swift; sourceTree = "<group>"; };
		5093B8262649E96100ED31B8 /* HourlyForecastCollectionViewCell.swift */ = {isa = PBXFileReference; lastKnownFileType = sourcecode.swift; path = HourlyForecastCollectionViewCell.swift; sourceTree = "<group>"; };
		5093B8292649E99600ED31B8 /* DailyForecastCollectionViewCell.swift */ = {isa = PBXFileReference; lastKnownFileType = sourcecode.swift; path = DailyForecastCollectionViewCell.swift; sourceTree = "<group>"; };
		5094E39F2642BA8600140AD2 /* Coordinator.swift */ = {isa = PBXFileReference; lastKnownFileType = sourcecode.swift; path = Coordinator.swift; sourceTree = "<group>"; };
		5094E3A22642BAD400140AD2 /* AppCoordinator.swift */ = {isa = PBXFileReference; lastKnownFileType = sourcecode.swift; path = AppCoordinator.swift; sourceTree = "<group>"; };
		5094E3A52642BB5B00140AD2 /* UserDefaultsKeys.swift */ = {isa = PBXFileReference; lastKnownFileType = sourcecode.swift; path = UserDefaultsKeys.swift; sourceTree = "<group>"; };
		5094E3AA2642BC1900140AD2 /* GeolocationCoordinator.swift */ = {isa = PBXFileReference; lastKnownFileType = sourcecode.swift; path = GeolocationCoordinator.swift; sourceTree = "<group>"; };
		5094E3AD2642BCB200140AD2 /* WeatherMainCoordinator.swift */ = {isa = PBXFileReference; lastKnownFileType = sourcecode.swift; path = WeatherMainCoordinator.swift; sourceTree = "<group>"; };
		5094E3BA2642CAAA00140AD2 /* UIButtonExtension.swift */ = {isa = PBXFileReference; lastKnownFileType = sourcecode.swift; path = UIButtonExtension.swift; sourceTree = "<group>"; };
		5094E3BE2642E5C400140AD2 /* UIImageExtension.swift */ = {isa = PBXFileReference; lastKnownFileType = sourcecode.swift; path = UIImageExtension.swift; sourceTree = "<group>"; };
		5094E3C12642E99E00140AD2 /* SettingsViewController.swift */ = {isa = PBXFileReference; lastKnownFileType = sourcecode.swift; path = SettingsViewController.swift; sourceTree = "<group>"; };
		5094E3C42642E9BF00140AD2 /* SettingsCoordinator.swift */ = {isa = PBXFileReference; lastKnownFileType = sourcecode.swift; path = SettingsCoordinator.swift; sourceTree = "<group>"; };
		5094E3C72642F04800140AD2 /* SettingsView.swift */ = {isa = PBXFileReference; lastKnownFileType = sourcecode.swift; path = SettingsView.swift; sourceTree = "<group>"; };
		5094E3CB2643252A00140AD2 /* Rubik-Medium.ttf */ = {isa = PBXFileReference; lastKnownFileType = file; path = "Rubik-Medium.ttf"; sourceTree = "<group>"; };
		5097734826583A580023B210 /* HourlyTableViewCell.swift */ = {isa = PBXFileReference; lastKnownFileType = sourcecode.swift; path = HourlyTableViewCell.swift; sourceTree = "<group>"; };
		5097734B2658629B0023B210 /* HourlyFlowModels.swift */ = {isa = PBXFileReference; lastKnownFileType = sourcecode.swift; path = HourlyFlowModels.swift; sourceTree = "<group>"; };
		50C4565026519DA20094D8B1 /* FlowFactory.swift */ = {isa = PBXFileReference; lastKnownFileType = sourcecode.swift; path = FlowFactory.swift; sourceTree = "<group>"; };
		50CAE68B265BE4E6009774DC /* RealmModels.swift */ = {isa = PBXFileReference; lastKnownFileType = sourcecode.swift; path = RealmModels.swift; sourceTree = "<group>"; };
		50CAE68E265BFBF9009774DC /* RealmDataManager.swift */ = {isa = PBXFileReference; lastKnownFileType = sourcecode.swift; path = RealmDataManager.swift; sourceTree = "<group>"; };
		50DC4AEB264188F400F2FAE8 /* LocationManager.swift */ = {isa = PBXFileReference; lastKnownFileType = sourcecode.swift; path = LocationManager.swift; sourceTree = "<group>"; };
		50DC4AF72641B7E900F2FAE8 /* WeatherMainViewController.swift */ = {isa = PBXFileReference; lastKnownFileType = sourcecode.swift; path = WeatherMainViewController.swift; sourceTree = "<group>"; };
		50DC4AFA2641B83400F2FAE8 /* NetworkService.swift */ = {isa = PBXFileReference; lastKnownFileType = sourcecode.swift; path = NetworkService.swift; sourceTree = "<group>"; };
		50E29CC12640066D00066B93 /* Weather.app */ = {isa = PBXFileReference; explicitFileType = wrapper.application; includeInIndex = 0; path = Weather.app; sourceTree = BUILT_PRODUCTS_DIR; };
		50E29CC42640066D00066B93 /* AppDelegate.swift */ = {isa = PBXFileReference; lastKnownFileType = sourcecode.swift; path = AppDelegate.swift; sourceTree = "<group>"; };
		50E29CC82640066D00066B93 /* GeolocationViewController.swift */ = {isa = PBXFileReference; lastKnownFileType = sourcecode.swift; path = GeolocationViewController.swift; sourceTree = "<group>"; };
		50E29CD02640067400066B93 /* Assets.xcassets */ = {isa = PBXFileReference; lastKnownFileType = folder.assetcatalog; path = Assets.xcassets; sourceTree = "<group>"; };
		50E29CD32640067400066B93 /* Base */ = {isa = PBXFileReference; lastKnownFileType = file.storyboard; name = Base; path = Base.lproj/LaunchScreen.storyboard; sourceTree = "<group>"; };
		50E29CD52640067400066B93 /* Info.plist */ = {isa = PBXFileReference; lastKnownFileType = text.plist.xml; path = Info.plist; sourceTree = "<group>"; };
		50E29CDF264010D000066B93 /* AppColors.swift */ = {isa = PBXFileReference; lastKnownFileType = sourcecode.swift; path = AppColors.swift; sourceTree = "<group>"; };
		50E29CEA2640411500066B93 /* Rubik-Regular.ttf */ = {isa = PBXFileReference; lastKnownFileType = file; path = "Rubik-Regular.ttf"; sourceTree = "<group>"; };
		50F55C0F265553A30066E42F /* Direction.swift */ = {isa = PBXFileReference; lastKnownFileType = sourcecode.swift; path = Direction.swift; sourceTree = "<group>"; };
		50F55C1226555DC60066E42F /* SunAndMoonTableViewCell.swift */ = {isa = PBXFileReference; lastKnownFileType = sourcecode.swift; path = SunAndMoonTableViewCell.swift; sourceTree = "<group>"; };
		50F73DD52644935900D739BD /* CustomSegmentedControl.swift */ = {isa = PBXFileReference; lastKnownFileType = sourcecode.swift; path = CustomSegmentedControl.swift; sourceTree = "<group>"; };
		50FA41CB26481F590073026A /* MainWeatherInformationView.swift */ = {isa = PBXFileReference; lastKnownFileType = sourcecode.swift; path = MainWeatherInformationView.swift; sourceTree = "<group>"; };
		5B73FD72C91CE33030735B67 /* Pods-Weather.release.xcconfig */ = {isa = PBXFileReference; includeInIndex = 1; lastKnownFileType = text.xcconfig; name = "Pods-Weather.release.xcconfig"; path = "Target Support Files/Pods-Weather/Pods-Weather.release.xcconfig"; sourceTree = "<group>"; };
		6B9ED9B68C97E9A3591C99AC /* Pods_Weather.framework */ = {isa = PBXFileReference; explicitFileType = wrapper.framework; includeInIndex = 0; path = Pods_Weather.framework; sourceTree = BUILT_PRODUCTS_DIR; };
		C1D5B9DDA2760DF8605A69E6 /* Pods-Weather.debug.xcconfig */ = {isa = PBXFileReference; includeInIndex = 1; lastKnownFileType = text.xcconfig; name = "Pods-Weather.debug.xcconfig"; path = "Target Support Files/Pods-Weather/Pods-Weather.debug.xcconfig"; sourceTree = "<group>"; };
/* End PBXFileReference section */

/* Begin PBXFrameworksBuildPhase section */
		50E29CBE2640066D00066B93 /* Frameworks */ = {
			isa = PBXFrameworksBuildPhase;
			buildActionMask = 2147483647;
			files = (
				D41D8B0228969C48E8FB1339 /* Pods_Weather.framework in Frameworks */,
			);
			runOnlyForDeploymentPostprocessing = 0;
		};
/* End PBXFrameworksBuildPhase section */

/* Begin PBXGroup section */
		1D753A8AAAB550D2A22109E3 /* Frameworks */ = {
			isa = PBXGroup;
			children = (
				6B9ED9B68C97E9A3591C99AC /* Pods_Weather.framework */,
			);
			name = Frameworks;
			sourceTree = "<group>";
		};
		5059ECBF2657EDA700C4E874 /* TableViewCells */ = {
			isa = PBXGroup;
			children = (
				507DEAA526552C0E00CF284B /* PartOfDayTableViewCell.swift */,
				50F55C1226555DC60066E42F /* SunAndMoonTableViewCell.swift */,
				5059ECBC2657DDD200C4E874 /* AirQualityTableViewCell.swift */,
			);
			path = TableViewCells;
			sourceTree = "<group>";
		};
		5059ECC12657EDB600C4E874 /* CollectionViewCells */ = {
			isa = PBXGroup;
			children = (
				507DEAA126551EBB00CF284B /* DayCollectionViewCell.swift */,
			);
			path = CollectionViewCells;
			sourceTree = "<group>";
		};
		5059ECC42657EDD600C4E874 /* CollectionViewCells */ = {
			isa = PBXGroup;
			children = (
				5093B8262649E96100ED31B8 /* HourlyForecastCollectionViewCell.swift */,
				5093B8292649E99600ED31B8 /* DailyForecastCollectionViewCell.swift */,
			);
			path = CollectionViewCells;
			sourceTree = "<group>";
		};
		507915CD264A9E2E00DBD9C2 /* Models */ = {
			isa = PBXGroup;
			children = (
				507915D0264AAF9F00DBD9C2 /* WeatherData.swift */,
				5079C2D8264FF3D700BD1AD2 /* City.swift */,
			);
			path = Models;
			sourceTree = "<group>";
		};
		508A236326540EF700EF5090 /* DailyWeatherFlow */ = {
			isa = PBXGroup;
			children = (
				503289862656963900ABAE16 /* DailyFlowModels.swift */,
				508A23682654106D00EF5090 /* DailyWeatherCoordinator.swift */,
				505047422654551700447386 /* DailyWeatherViewModel.swift */,
				508A235C26540E4500EF5090 /* DailyWeatherViewController.swift */,
				5059ECC12657EDB600C4E874 /* CollectionViewCells */,
				5059ECBF2657EDA700C4E874 /* TableViewCells */,
			);
			path = DailyWeatherFlow;
			sourceTree = "<group>";
		};
		508A236526540F0600EF5090 /* HourlyWeatherFlow */ = {
			isa = PBXGroup;
			children = (
				5097734B2658629B0023B210 /* HourlyFlowModels.swift */,
				508A236B2654108D00EF5090 /* HourlyWeatherCordinator.swift */,
				5050473E265454F200447386 /* HourlyWeatherViewModel.swift */,
				5029A58A265A6B150024D741 /* ChartView.swift */,
				508A236026540EE500EF5090 /* HourlyWeatherViewController.swift */,
				5097734826583A580023B210 /* HourlyTableViewCell.swift */,
			);
			path = HourlyWeatherFlow;
			sourceTree = "<group>";
		};
		5094E39E2642B8C000140AD2 /* App navigation */ = {
			isa = PBXGroup;
			children = (
				5094E39F2642BA8600140AD2 /* Coordinator.swift */,
				5094E3A22642BAD400140AD2 /* AppCoordinator.swift */,
			);
			path = "App navigation";
			sourceTree = "<group>";
		};
		5094E3B62642C11800140AD2 /* SettingsFlow */ = {
			isa = PBXGroup;
			children = (
				5094E3C42642E9BF00140AD2 /* SettingsCoordinator.swift */,
				5094E3C12642E99E00140AD2 /* SettingsViewController.swift */,
				5094E3C72642F04800140AD2 /* SettingsView.swift */,
				50F73DD52644935900D739BD /* CustomSegmentedControl.swift */,
			);
			path = SettingsFlow;
			sourceTree = "<group>";
		};
		5094E3B72642C14600140AD2 /* Keys */ = {
			isa = PBXGroup;
			children = (
				5094E3A52642BB5B00140AD2 /* UserDefaultsKeys.swift */,
				5078996E26496A9C00C59F94 /* ApiKeys.swift */,
			);
			path = Keys;
			sourceTree = "<group>";
		};
		5094E3B92642CA7E00140AD2 /* Helpers */ = {
			isa = PBXGroup;
			children = (
				5094E3BA2642CAAA00140AD2 /* UIButtonExtension.swift */,
				5094E3BE2642E5C400140AD2 /* UIImageExtension.swift */,
				503B77A5264BF38C00ACF83B /* StringExtension.swift */,
				50F55C0F265553A30066E42F /* Direction.swift */,
			);
			path = Helpers;
			sourceTree = "<group>";
		};
		50CAE689265BE0FF009774DC /* Realm */ = {
			isa = PBXGroup;
			children = (
				50CAE68B265BE4E6009774DC /* RealmModels.swift */,
				50CAE68E265BFBF9009774DC /* RealmDataManager.swift */,
			);
			path = Realm;
			sourceTree = "<group>";
		};
		50DC4AEE2641B1A500F2FAE8 /* Location manager */ = {
			isa = PBXGroup;
			children = (
				50DC4AEB264188F400F2FAE8 /* LocationManager.swift */,
			);
			path = "Location manager";
			sourceTree = "<group>";
		};
		50DC4AEF2641B1BE00F2FAE8 /* NetworkService */ = {
			isa = PBXGroup;
			children = (
				50DC4AFA2641B83400F2FAE8 /* NetworkService.swift */,
			);
			path = NetworkService;
			sourceTree = "<group>";
		};
		50DC4AF12641B1F700F2FAE8 /* Resources */ = {
			isa = PBXGroup;
			children = (
				5094E3B72642C14600140AD2 /* Keys */,
				50E29CE9264040E000066B93 /* Fonts */,
				50DC4AF22641B23800F2FAE8 /* App colors */,
				50E29CD02640067400066B93 /* Assets.xcassets */,
			);
			path = Resources;
			sourceTree = "<group>";
		};
		50DC4AF22641B23800F2FAE8 /* App colors */ = {
			isa = PBXGroup;
			children = (
				50E29CDF264010D000066B93 /* AppColors.swift */,
			);
			path = "App colors";
			sourceTree = "<group>";
		};
		50DC4AF32641B25000F2FAE8 /* Services */ = {
			isa = PBXGroup;
			children = (
				50DC4AEF2641B1BE00F2FAE8 /* NetworkService */,
				50CAE689265BE0FF009774DC /* Realm */,
				50DC4AEE2641B1A500F2FAE8 /* Location manager */,
			);
			path = Services;
			sourceTree = "<group>";
		};
		50DC4AF42641B26D00F2FAE8 /* Flows */ = {
			isa = PBXGroup;
			children = (
				50DC4AFE2641BC3B00F2FAE8 /* Onboarding flow */,
				5094E3B62642C11800140AD2 /* SettingsFlow */,
				50DC4AFF2641BC6E00F2FAE8 /* MainScreenFlow */,
				508A236526540F0600EF5090 /* HourlyWeatherFlow */,
				508A236326540EF700EF5090 /* DailyWeatherFlow */,
			);
			path = Flows;
			sourceTree = "<group>";
		};
		50DC4AF52641B28D00F2FAE8 /* Application launch */ = {
			isa = PBXGroup;
			children = (
				50E29CC42640066D00066B93 /* AppDelegate.swift */,
				50E29CD22640067400066B93 /* LaunchScreen.storyboard */,
			);
			path = "Application launch";
			sourceTree = "<group>";
		};
		50DC4AFE2641BC3B00F2FAE8 /* Onboarding flow */ = {
			isa = PBXGroup;
			children = (
				5094E3AA2642BC1900140AD2 /* GeolocationCoordinator.swift */,
				50E29CC82640066D00066B93 /* GeolocationViewController.swift */,
			);
			path = "Onboarding flow";
			sourceTree = "<group>";
		};
		50DC4AFF2641BC6E00F2FAE8 /* MainScreenFlow */ = {
			isa = PBXGroup;
			children = (
				5094E3AD2642BCB200140AD2 /* WeatherMainCoordinator.swift */,
				50C4565026519DA20094D8B1 /* FlowFactory.swift */,
				507915C9264A947300DBD9C2 /* WeatherMainViewModel.swift */,
				5000AD67264D645E00E39E71 /* WeatherPageViewController.swift */,
				50DC4AF72641B7E900F2FAE8 /* WeatherMainViewController.swift */,
				50FA41CB26481F590073026A /* MainWeatherInformationView.swift */,
				5059ECC42657EDD600C4E874 /* CollectionViewCells */,
				5055E3272653179900E48660 /* CustomPageControl.swift */,
			);
			path = MainScreenFlow;
			sourceTree = "<group>";
		};
		50E29CB82640066D00066B93 = {
			isa = PBXGroup;
			children = (
				50E29CC32640066D00066B93 /* Weather */,
				50E29CC22640066D00066B93 /* Products */,
				5324432ABF4B9FCD045844B4 /* Pods */,
				1D753A8AAAB550D2A22109E3 /* Frameworks */,
			);
			sourceTree = "<group>";
		};
		50E29CC22640066D00066B93 /* Products */ = {
			isa = PBXGroup;
			children = (
				50E29CC12640066D00066B93 /* Weather.app */,
			);
			name = Products;
			sourceTree = "<group>";
		};
		50E29CC32640066D00066B93 /* Weather */ = {
			isa = PBXGroup;
			children = (
				50DC4AF52641B28D00F2FAE8 /* Application launch */,
				5094E39E2642B8C000140AD2 /* App navigation */,
				50DC4AF32641B25000F2FAE8 /* Services */,
				507915CD264A9E2E00DBD9C2 /* Models */,
				50DC4AF42641B26D00F2FAE8 /* Flows */,
				50DC4AF12641B1F700F2FAE8 /* Resources */,
				5094E3B92642CA7E00140AD2 /* Helpers */,
				50E29CD52640067400066B93 /* Info.plist */,
			);
			path = Weather;
			sourceTree = "<group>";
		};
		50E29CE9264040E000066B93 /* Fonts */ = {
			isa = PBXGroup;
			children = (
				50E29CEA2640411500066B93 /* Rubik-Regular.ttf */,
				5094E3CB2643252A00140AD2 /* Rubik-Medium.ttf */,
			);
			path = Fonts;
			sourceTree = "<group>";
		};
		5324432ABF4B9FCD045844B4 /* Pods */ = {
			isa = PBXGroup;
			children = (
				C1D5B9DDA2760DF8605A69E6 /* Pods-Weather.debug.xcconfig */,
				5B73FD72C91CE33030735B67 /* Pods-Weather.release.xcconfig */,
			);
			path = Pods;
			sourceTree = "<group>";
		};
/* End PBXGroup section */

/* Begin PBXNativeTarget section */
		50E29CC02640066D00066B93 /* Weather */ = {
			isa = PBXNativeTarget;
			buildConfigurationList = 50E29CD82640067400066B93 /* Build configuration list for PBXNativeTarget "Weather" */;
			buildPhases = (
				23AB75C5954E1F1ABB3D7398 /* [CP] Check Pods Manifest.lock */,
				50E29CBD2640066D00066B93 /* Sources */,
				50E29CBE2640066D00066B93 /* Frameworks */,
				50E29CBF2640066D00066B93 /* Resources */,
				A511688174566F65EFD78B92 /* [CP] Embed Pods Frameworks */,
			);
			buildRules = (
			);
			dependencies = (
			);
			name = Weather;
			packageProductDependencies = (
			);
			productName = Weather;
			productReference = 50E29CC12640066D00066B93 /* Weather.app */;
			productType = "com.apple.product-type.application";
		};
/* End PBXNativeTarget section */

/* Begin PBXProject section */
		50E29CB92640066D00066B93 /* Project object */ = {
			isa = PBXProject;
			attributes = {
				LastSwiftUpdateCheck = 1220;
				LastUpgradeCheck = 1220;
				TargetAttributes = {
					50E29CC02640066D00066B93 = {
						CreatedOnToolsVersion = 12.2;
					};
				};
			};
			buildConfigurationList = 50E29CBC2640066D00066B93 /* Build configuration list for PBXProject "Weather" */;
			compatibilityVersion = "Xcode 9.3";
			developmentRegion = en;
			hasScannedForEncodings = 0;
			knownRegions = (
				en,
				Base,
			);
			mainGroup = 50E29CB82640066D00066B93;
			packageReferences = (
			);
			productRefGroup = 50E29CC22640066D00066B93 /* Products */;
			projectDirPath = "";
			projectRoot = "";
			targets = (
				50E29CC02640066D00066B93 /* Weather */,
			);
		};
/* End PBXProject section */

/* Begin PBXResourcesBuildPhase section */
		50E29CBF2640066D00066B93 /* Resources */ = {
			isa = PBXResourcesBuildPhase;
			buildActionMask = 2147483647;
			files = (
				50E29CD42640067400066B93 /* LaunchScreen.storyboard in Resources */,
				50E29CEB2640419300066B93 /* Rubik-Regular.ttf in Resources */,
				50E29CD12640067400066B93 /* Assets.xcassets in Resources */,
				5094E3CC2643252B00140AD2 /* Rubik-Medium.ttf in Resources */,
			);
			runOnlyForDeploymentPostprocessing = 0;
		};
/* End PBXResourcesBuildPhase section */

/* Begin PBXShellScriptBuildPhase section */
		23AB75C5954E1F1ABB3D7398 /* [CP] Check Pods Manifest.lock */ = {
			isa = PBXShellScriptBuildPhase;
			buildActionMask = 2147483647;
			files = (
			);
			inputFileListPaths = (
			);
			inputPaths = (
				"${PODS_PODFILE_DIR_PATH}/Podfile.lock",
				"${PODS_ROOT}/Manifest.lock",
			);
			name = "[CP] Check Pods Manifest.lock";
			outputFileListPaths = (
			);
			outputPaths = (
				"$(DERIVED_FILE_DIR)/Pods-Weather-checkManifestLockResult.txt",
			);
			runOnlyForDeploymentPostprocessing = 0;
			shellPath = /bin/sh;
			shellScript = "diff \"${PODS_PODFILE_DIR_PATH}/Podfile.lock\" \"${PODS_ROOT}/Manifest.lock\" > /dev/null\nif [ $? != 0 ] ; then\n    # print error to STDERR\n    echo \"error: The sandbox is not in sync with the Podfile.lock. Run 'pod install' or update your CocoaPods installation.\" >&2\n    exit 1\nfi\n# This output is used by Xcode 'outputs' to avoid re-running this script phase.\necho \"SUCCESS\" > \"${SCRIPT_OUTPUT_FILE_0}\"\n";
			showEnvVarsInLog = 0;
		};
		A511688174566F65EFD78B92 /* [CP] Embed Pods Frameworks */ = {
			isa = PBXShellScriptBuildPhase;
			buildActionMask = 2147483647;
			files = (
			);
			inputFileListPaths = (
				"${PODS_ROOT}/Target Support Files/Pods-Weather/Pods-Weather-frameworks-${CONFIGURATION}-input-files.xcfilelist",
			);
			name = "[CP] Embed Pods Frameworks";
			outputFileListPaths = (
				"${PODS_ROOT}/Target Support Files/Pods-Weather/Pods-Weather-frameworks-${CONFIGURATION}-output-files.xcfilelist",
			);
			runOnlyForDeploymentPostprocessing = 0;
			shellPath = /bin/sh;
			shellScript = "\"${PODS_ROOT}/Target Support Files/Pods-Weather/Pods-Weather-frameworks.sh\"\n";
			showEnvVarsInLog = 0;
		};
/* End PBXShellScriptBuildPhase section */

/* Begin PBXSourcesBuildPhase section */
		50E29CBD2640066D00066B93 /* Sources */ = {
			isa = PBXSourcesBuildPhase;
			buildActionMask = 2147483647;
			files = (
				5094E3A02642BA8700140AD2 /* Coordinator.swift in Sources */,
				505047432654551700447386 /* DailyWeatherViewModel.swift in Sources */,
				507915CA264A947300DBD9C2 /* WeatherMainViewModel.swift in Sources */,
				5094E3A62642BB5B00140AD2 /* UserDefaultsKeys.swift in Sources */,
				50E29CE0264010D000066B93 /* AppColors.swift in Sources */,
				5079C2D9264FF3D700BD1AD2 /* City.swift in Sources */,
				5097734C2658629B0023B210 /* HourlyFlowModels.swift in Sources */,
				50C4565126519DA20094D8B1 /* FlowFactory.swift in Sources */,
				50CAE68F265BFBF9009774DC /* RealmDataManager.swift in Sources */,
				50CAE68C265BE4E6009774DC /* RealmModels.swift in Sources */,
				50DC4AEC264188F400F2FAE8 /* LocationManager.swift in Sources */,
				507DEAA626552C0E00CF284B /* PartOfDayTableViewCell.swift in Sources */,
				5055E3282653179A00E48660 /* CustomPageControl.swift in Sources */,
				5097734926583A580023B210 /* HourlyTableViewCell.swift in Sources */,
				508A236126540EE500EF5090 /* HourlyWeatherViewController.swift in Sources */,
				503289872656963900ABAE16 /* DailyFlowModels.swift in Sources */,
				50F73DD62644935900D739BD /* CustomSegmentedControl.swift in Sources */,
				503B77A6264BF38C00ACF83B /* StringExtension.swift in Sources */,
				5059ECBD2657DDD300C4E874 /* AirQualityTableViewCell.swift in Sources */,
				5094E3C82642F04800140AD2 /* SettingsView.swift in Sources */,
				50E29CC92640066D00066B93 /* GeolocationViewController.swift in Sources */,
				50DC4AF82641B7E900F2FAE8 /* WeatherMainViewController.swift in Sources */,
				5094E3A32642BAD400140AD2 /* AppCoordinator.swift in Sources */,
				5029A58B265A6B150024D741 /* ChartView.swift in Sources */,
				5094E3C22642E99E00140AD2 /* SettingsViewController.swift in Sources */,
				5093B82A2649E99600ED31B8 /* DailyForecastCollectionViewCell.swift in Sources */,
				507DEAA226551EBB00CF284B /* DayCollectionViewCell.swift in Sources */,
				5094E3C52642E9BF00140AD2 /* SettingsCoordinator.swift in Sources */,
				5094E3BB2642CAAA00140AD2 /* UIButtonExtension.swift in Sources */,
				5094E3BF2642E5C400140AD2 /* UIImageExtension.swift in Sources */,
				507915D1264AAF9F00DBD9C2 /* WeatherData.swift in Sources */,
				5078996F26496A9C00C59F94 /* ApiKeys.swift in Sources */,
				50FA41CC26481F590073026A /* MainWeatherInformationView.swift in Sources */,
				5094E3AE2642BCB200140AD2 /* WeatherMainCoordinator.swift in Sources */,
				5094E3AB2642BC1900140AD2 /* GeolocationCoordinator.swift in Sources */,
				508A23692654106D00EF5090 /* DailyWeatherCoordinator.swift in Sources */,
				5000AD68264D645E00E39E71 /* WeatherPageViewController.swift in Sources */,
				5050473F265454F200447386 /* HourlyWeatherViewModel.swift in Sources */,
				50E29CC52640066D00066B93 /* AppDelegate.swift in Sources */,
				508A236C2654108D00EF5090 /* HourlyWeatherCordinator.swift in Sources */,
				5093B8272649E96200ED31B8 /* HourlyForecastCollectionViewCell.swift in Sources */,
				50DC4AFB2641B83400F2FAE8 /* NetworkService.swift in Sources */,
				50F55C1326555DC70066E42F /* SunAndMoonTableViewCell.swift in Sources */,
				508A235D26540E4500EF5090 /* DailyWeatherViewController.swift in Sources */,
				50F55C10265553A30066E42F /* Direction.swift in Sources */,
			);
			runOnlyForDeploymentPostprocessing = 0;
		};
/* End PBXSourcesBuildPhase section */

/* Begin PBXVariantGroup section */
		50E29CD22640067400066B93 /* LaunchScreen.storyboard */ = {
			isa = PBXVariantGroup;
			children = (
				50E29CD32640067400066B93 /* Base */,
			);
			name = LaunchScreen.storyboard;
			sourceTree = "<group>";
		};
/* End PBXVariantGroup section */

/* Begin XCBuildConfiguration section */
		50E29CD62640067400066B93 /* Debug */ = {
			isa = XCBuildConfiguration;
			buildSettings = {
				ALWAYS_SEARCH_USER_PATHS = NO;
				CLANG_ANALYZER_NONNULL = YES;
				CLANG_ANALYZER_NUMBER_OBJECT_CONVERSION = YES_AGGRESSIVE;
				CLANG_CXX_LANGUAGE_STANDARD = "gnu++14";
				CLANG_CXX_LIBRARY = "libc++";
				CLANG_ENABLE_MODULES = YES;
				CLANG_ENABLE_OBJC_ARC = YES;
				CLANG_ENABLE_OBJC_WEAK = YES;
				CLANG_WARN_BLOCK_CAPTURE_AUTORELEASING = YES;
				CLANG_WARN_BOOL_CONVERSION = YES;
				CLANG_WARN_COMMA = YES;
				CLANG_WARN_CONSTANT_CONVERSION = YES;
				CLANG_WARN_DEPRECATED_OBJC_IMPLEMENTATIONS = YES;
				CLANG_WARN_DIRECT_OBJC_ISA_USAGE = YES_ERROR;
				CLANG_WARN_DOCUMENTATION_COMMENTS = YES;
				CLANG_WARN_EMPTY_BODY = YES;
				CLANG_WARN_ENUM_CONVERSION = YES;
				CLANG_WARN_INFINITE_RECURSION = YES;
				CLANG_WARN_INT_CONVERSION = YES;
				CLANG_WARN_NON_LITERAL_NULL_CONVERSION = YES;
				CLANG_WARN_OBJC_IMPLICIT_RETAIN_SELF = YES;
				CLANG_WARN_OBJC_LITERAL_CONVERSION = YES;
				CLANG_WARN_OBJC_ROOT_CLASS = YES_ERROR;
				CLANG_WARN_QUOTED_INCLUDE_IN_FRAMEWORK_HEADER = YES;
				CLANG_WARN_RANGE_LOOP_ANALYSIS = YES;
				CLANG_WARN_STRICT_PROTOTYPES = YES;
				CLANG_WARN_SUSPICIOUS_MOVE = YES;
				CLANG_WARN_UNGUARDED_AVAILABILITY = YES_AGGRESSIVE;
				CLANG_WARN_UNREACHABLE_CODE = YES;
				CLANG_WARN__DUPLICATE_METHOD_MATCH = YES;
				COPY_PHASE_STRIP = NO;
				DEBUG_INFORMATION_FORMAT = dwarf;
				ENABLE_STRICT_OBJC_MSGSEND = YES;
				ENABLE_TESTABILITY = YES;
				GCC_C_LANGUAGE_STANDARD = gnu11;
				GCC_DYNAMIC_NO_PIC = NO;
				GCC_NO_COMMON_BLOCKS = YES;
				GCC_OPTIMIZATION_LEVEL = 0;
				GCC_PREPROCESSOR_DEFINITIONS = (
					"DEBUG=1",
					"$(inherited)",
				);
				GCC_WARN_64_TO_32_BIT_CONVERSION = YES;
				GCC_WARN_ABOUT_RETURN_TYPE = YES_ERROR;
				GCC_WARN_UNDECLARED_SELECTOR = YES;
				GCC_WARN_UNINITIALIZED_AUTOS = YES_AGGRESSIVE;
				GCC_WARN_UNUSED_FUNCTION = YES;
				GCC_WARN_UNUSED_VARIABLE = YES;
				IPHONEOS_DEPLOYMENT_TARGET = 12.0;
				MTL_ENABLE_DEBUG_INFO = INCLUDE_SOURCE;
				MTL_FAST_MATH = YES;
				ONLY_ACTIVE_ARCH = YES;
				SDKROOT = iphoneos;
				SWIFT_ACTIVE_COMPILATION_CONDITIONS = DEBUG;
				SWIFT_OPTIMIZATION_LEVEL = "-Onone";
			};
			name = Debug;
		};
		50E29CD72640067400066B93 /* Release */ = {
			isa = XCBuildConfiguration;
			buildSettings = {
				ALWAYS_SEARCH_USER_PATHS = NO;
				CLANG_ANALYZER_NONNULL = YES;
				CLANG_ANALYZER_NUMBER_OBJECT_CONVERSION = YES_AGGRESSIVE;
				CLANG_CXX_LANGUAGE_STANDARD = "gnu++14";
				CLANG_CXX_LIBRARY = "libc++";
				CLANG_ENABLE_MODULES = YES;
				CLANG_ENABLE_OBJC_ARC = YES;
				CLANG_ENABLE_OBJC_WEAK = YES;
				CLANG_WARN_BLOCK_CAPTURE_AUTORELEASING = YES;
				CLANG_WARN_BOOL_CONVERSION = YES;
				CLANG_WARN_COMMA = YES;
				CLANG_WARN_CONSTANT_CONVERSION = YES;
				CLANG_WARN_DEPRECATED_OBJC_IMPLEMENTATIONS = YES;
				CLANG_WARN_DIRECT_OBJC_ISA_USAGE = YES_ERROR;
				CLANG_WARN_DOCUMENTATION_COMMENTS = YES;
				CLANG_WARN_EMPTY_BODY = YES;
				CLANG_WARN_ENUM_CONVERSION = YES;
				CLANG_WARN_INFINITE_RECURSION = YES;
				CLANG_WARN_INT_CONVERSION = YES;
				CLANG_WARN_NON_LITERAL_NULL_CONVERSION = YES;
				CLANG_WARN_OBJC_IMPLICIT_RETAIN_SELF = YES;
				CLANG_WARN_OBJC_LITERAL_CONVERSION = YES;
				CLANG_WARN_OBJC_ROOT_CLASS = YES_ERROR;
				CLANG_WARN_QUOTED_INCLUDE_IN_FRAMEWORK_HEADER = YES;
				CLANG_WARN_RANGE_LOOP_ANALYSIS = YES;
				CLANG_WARN_STRICT_PROTOTYPES = YES;
				CLANG_WARN_SUSPICIOUS_MOVE = YES;
				CLANG_WARN_UNGUARDED_AVAILABILITY = YES_AGGRESSIVE;
				CLANG_WARN_UNREACHABLE_CODE = YES;
				CLANG_WARN__DUPLICATE_METHOD_MATCH = YES;
				COPY_PHASE_STRIP = NO;
				DEBUG_INFORMATION_FORMAT = "dwarf-with-dsym";
				ENABLE_NS_ASSERTIONS = NO;
				ENABLE_STRICT_OBJC_MSGSEND = YES;
				GCC_C_LANGUAGE_STANDARD = gnu11;
				GCC_NO_COMMON_BLOCKS = YES;
				GCC_WARN_64_TO_32_BIT_CONVERSION = YES;
				GCC_WARN_ABOUT_RETURN_TYPE = YES_ERROR;
				GCC_WARN_UNDECLARED_SELECTOR = YES;
				GCC_WARN_UNINITIALIZED_AUTOS = YES_AGGRESSIVE;
				GCC_WARN_UNUSED_FUNCTION = YES;
				GCC_WARN_UNUSED_VARIABLE = YES;
				IPHONEOS_DEPLOYMENT_TARGET = 12.0;
				MTL_ENABLE_DEBUG_INFO = NO;
				MTL_FAST_MATH = YES;
				SDKROOT = iphoneos;
				SWIFT_COMPILATION_MODE = wholemodule;
				SWIFT_OPTIMIZATION_LEVEL = "-O";
				VALIDATE_PRODUCT = YES;
			};
			name = Release;
		};
		50E29CD92640067400066B93 /* Debug */ = {
			isa = XCBuildConfiguration;
			baseConfigurationReference = C1D5B9DDA2760DF8605A69E6 /* Pods-Weather.debug.xcconfig */;
			buildSettings = {
				ASSETCATALOG_COMPILER_APPICON_NAME = AppIcon;
				ASSETCATALOG_COMPILER_GLOBAL_ACCENT_COLOR_NAME = AccentColor;
				CODE_SIGN_STYLE = Automatic;
				DEVELOPMENT_TEAM = S4VTW7X9U3;
				INFOPLIST_FILE = Weather/Info.plist;
				IPHONEOS_DEPLOYMENT_TARGET = 12.0;
				LD_RUNPATH_SEARCH_PATHS = (
					"$(inherited)",
					"@executable_path/Frameworks",
				);
				PRODUCT_BUNDLE_IDENTIFIER = com.NikitinEgor.Weather;
				PRODUCT_NAME = "$(TARGET_NAME)";
				SWIFT_VERSION = 5.0;
				TARGETED_DEVICE_FAMILY = "1,2";
			};
			name = Debug;
		};
		50E29CDA2640067400066B93 /* Release */ = {
			isa = XCBuildConfiguration;
			baseConfigurationReference = 5B73FD72C91CE33030735B67 /* Pods-Weather.release.xcconfig */;
			buildSettings = {
				ASSETCATALOG_COMPILER_APPICON_NAME = AppIcon;
				ASSETCATALOG_COMPILER_GLOBAL_ACCENT_COLOR_NAME = AccentColor;
				CODE_SIGN_STYLE = Automatic;
				DEVELOPMENT_TEAM = S4VTW7X9U3;
				INFOPLIST_FILE = Weather/Info.plist;
				IPHONEOS_DEPLOYMENT_TARGET = 12.0;
				LD_RUNPATH_SEARCH_PATHS = (
					"$(inherited)",
					"@executable_path/Frameworks",
				);
				PRODUCT_BUNDLE_IDENTIFIER = com.NikitinEgor.Weather;
				PRODUCT_NAME = "$(TARGET_NAME)";
				SWIFT_VERSION = 5.0;
				TARGETED_DEVICE_FAMILY = "1,2";
			};
			name = Release;
		};
/* End XCBuildConfiguration section */

/* Begin XCConfigurationList section */
		50E29CBC2640066D00066B93 /* Build configuration list for PBXProject "Weather" */ = {
			isa = XCConfigurationList;
			buildConfigurations = (
				50E29CD62640067400066B93 /* Debug */,
				50E29CD72640067400066B93 /* Release */,
			);
			defaultConfigurationIsVisible = 0;
			defaultConfigurationName = Release;
		};
		50E29CD82640067400066B93 /* Build configuration list for PBXNativeTarget "Weather" */ = {
			isa = XCConfigurationList;
			buildConfigurations = (
				50E29CD92640067400066B93 /* Debug */,
				50E29CDA2640067400066B93 /* Release */,
			);
			defaultConfigurationIsVisible = 0;
			defaultConfigurationName = Release;
		};
/* End XCConfigurationList section */
	};
	rootObject = 50E29CB92640066D00066B93 /* Project object */;
}
